
Microsoft Visual Studio Solution File, Format Version 12.00
# Visual Studio Version 16
VisualStudioVersion = 16.0.31729.503
MinimumVisualStudioVersion = 10.0.40219.1
Project("{FAE04EC0-301F-11D3-BF4B-00C04F79EFBC}") = "Project_18.10.2021v2", "Project_18.10.2021v2\Project_18.10.2021v2.csproj", "{FA5A6D8C-291A-4E29-88ED-2B217BC5D517}"
EndProject
Global
	GlobalSection(SolutionConfigurationPlatforms) = preSolution
		Debug|Any CPU = Debug|Any CPU
		Release|Any CPU = Release|Any CPU
	EndGlobalSection
	GlobalSection(ProjectConfigurationPlatforms) = postSolution
		{FA5A6D8C-291A-4E29-88ED-2B217BC5D517}.Debug|Any CPU.ActiveCfg = Debug|Any CPU
		{FA5A6D8C-291A-4E29-88ED-2B217BC5D517}.Debug|Any CPU.Build.0 = Debug|Any CPU
		{FA5A6D8C-291A-4E29-88ED-2B217BC5D517}.Release|Any CPU.ActiveCfg = Release|Any CPU
		{FA5A6D8C-291A-4E29-88ED-2B217BC5D517}.Release|Any CPU.Build.0 = Release|Any CPU
	EndGlobalSection
	GlobalSection(SolutionProperties) = preSolution
		HideSolutionNode = FALSE
	EndGlobalSection
	GlobalSection(ExtensibilityGlobals) = postSolution
		SolutionGuid = {628CF6AB-1450-4E2F-82D1-D97A714BED8F}
	EndGlobalSection
EndGlobal
